
Microsoft Visual Studio Solution File, Format Version 12.00
# Visual Studio 15
VisualStudioVersion = 15.0.27130.2010
MinimumVisualStudioVersion = 10.0.40219.1
Project("{FAE04EC0-301F-11D3-BF4B-00C04F79EFBC}") = "Balivo.SendInBlue", "Balivo.SendInBlue\Balivo.SendInBlue.csproj", "{79EDF72D-5037-4485-9AD1-8CB1A537F4A6}"
EndProject
Project("{FAE04EC0-301F-11D3-BF4B-00C04F79EFBC}") = "Balivo.SendInBlue.TestConsole", "Balivo.SendInBlue.TestConsole\Balivo.SendInBlue.TestConsole.csproj", "{1233395E-9E49-467F-8895-E7F96B777B5D}"
EndProject
Global
	GlobalSection(SolutionConfigurationPlatforms) = preSolution
		Debug|Any CPU = Debug|Any CPU
		Release|Any CPU = Release|Any CPU
	EndGlobalSection
	GlobalSection(ProjectConfigurationPlatforms) = postSolution
		{79EDF72D-5037-4485-9AD1-8CB1A537F4A6}.Debug|Any CPU.ActiveCfg = Debug|Any CPU
		{79EDF72D-5037-4485-9AD1-8CB1A537F4A6}.Debug|Any CPU.Build.0 = Debug|Any CPU
		{79EDF72D-5037-4485-9AD1-8CB1A537F4A6}.Release|Any CPU.ActiveCfg = Release|Any CPU
		{79EDF72D-5037-4485-9AD1-8CB1A537F4A6}.Release|Any CPU.Build.0 = Release|Any CPU
		{1233395E-9E49-467F-8895-E7F96B777B5D}.Debug|Any CPU.ActiveCfg = Debug|Any CPU
		{1233395E-9E49-467F-8895-E7F96B777B5D}.Debug|Any CPU.Build.0 = Debug|Any CPU
		{1233395E-9E49-467F-8895-E7F96B777B5D}.Release|Any CPU.ActiveCfg = Release|Any CPU
		{1233395E-9E49-467F-8895-E7F96B777B5D}.Release|Any CPU.Build.0 = Release|Any CPU
	EndGlobalSection
	GlobalSection(SolutionProperties) = preSolution
		HideSolutionNode = FALSE
	EndGlobalSection
	GlobalSection(ExtensibilityGlobals) = postSolution
		SolutionGuid = {11D5906A-75EC-48F3-AB39-F5AD92F760E3}
	EndGlobalSection
EndGlobal
